// !$*UTF8*$!
{
	archiveVersion = 1;
	classes = {
	};
	objectVersion = 77;
	objects = {

/* Begin PBXBuildFile section */
		D0D0D0D0D0D0D0D0D0D00010 /* TickerBarWidget.swift in Sources */ = {isa = PBXBuildFile; fileRef = D0D0D0D0D0D0D0D0D0D00001 /* TickerBarWidget.swift */; };
		D0D0D0D0D0D0D0D0D0D00011 /* StockItem.swift in Sources */ = {isa = PBXBuildFile; fileRef = 15068B565FB4936419815470 /* StockItem.swift */; };
		D0D0D0D0D0D0D0D0D0D00012 /* StockService.swift in Sources */ = {isa = PBXBuildFile; fileRef = 6DF1F4E796FC32743DAF80A0 /* StockService.swift */; };
		D0D0D0D0D0D0D0D0D0D00013 /* PriceAlert.swift in Sources */ = {isa = PBXBuildFile; fileRef = D1E2F3A4B5C6D7E8F9A0B1C3 /* PriceAlert.swift */; };
		1206ACA3A55E1A4E1896BB35 /* StockServiceTests.swift in Sources */ = {isa = PBXBuildFile; fileRef = EC8F977CC4CABE1815EC5F0F /* StockServiceTests.swift */; };
		631F6E7C8AED98BF8B5E620D /* StockService.swift in Sources */ = {isa = PBXBuildFile; fileRef = 6DF1F4E796FC32743DAF80A0 /* StockService.swift */; };
		7404D19C7993CD33FB08B58D /* TickerBarApp.swift in Sources */ = {isa = PBXBuildFile; fileRef = ADFBB8F08EEDFB92601682F9 /* TickerBarApp.swift */; };
		7690D8CE817D7BC49DDF740C /* StockItemTests.swift in Sources */ = {isa = PBXBuildFile; fileRef = 56838F3D7FDDA632BAD5C8F5 /* StockItemTests.swift */; };
		8A834BC05313ED7089884EAA /* WatchlistView.swift in Sources */ = {isa = PBXBuildFile; fileRef = 546AF9D5C78E7119E3C4397E /* WatchlistView.swift */; };
		A1B2C3D4E5F60718192A3B4C /* MenuBarLabel.swift in Sources */ = {isa = PBXBuildFile; fileRef = D4E5F6071819A1B2C3D4E5F6 /* MenuBarLabel.swift */; };
		E6113DA9D465315DBE28C77F /* Assets.xcassets in Resources */ = {isa = PBXBuildFile; fileRef = DBDE6680A7FD9B348F4D20AA /* Assets.xcassets */; };
		E9981276E1CF2B28C8109B2F /* SettingsView.swift in Sources */ = {isa = PBXBuildFile; fileRef = F8B1157F816CFF9BBB9B3571 /* SettingsView.swift */; };
		F856D70E249A413F0A4DE9CA /* StockItem.swift in Sources */ = {isa = PBXBuildFile; fileRef = 15068B565FB4936419815470 /* StockItem.swift */; };
		B2C3D4E5F607181920A1B2C3 /* UpdateChecker.swift in Sources */ = {isa = PBXBuildFile; fileRef = E5F60718192A1B2C3D4E5F67 /* UpdateChecker.swift */; };
		C1D2E3F4A5B6C7D8E9F0A1B3 /* SparklineView.swift in Sources */ = {isa = PBXBuildFile; fileRef = C1D2E3F4A5B6C7D8E9F0A1B2 /* SparklineView.swift */; };
		D1E2F3A4B5C6D7E8F9A0B1C2 /* PriceAlert.swift in Sources */ = {isa = PBXBuildFile; fileRef = D1E2F3A4B5C6D7E8F9A0B1C3 /* PriceAlert.swift */; };
/* End PBXBuildFile section */

/* Begin PBXContainerItemProxy section */
		C1596C35444C4F0E3AFA48E1 /* PBXContainerItemProxy */ = {
			isa = PBXContainerItemProxy;
			containerPortal = C0EFC2323ED7FDF3BD13ACE7 /* Project object */;
			proxyType = 1;
			remoteGlobalIDString = 9ACD20D2C97100CD8A5C346E;
			remoteInfo = TickerBar;
		};
/* End PBXContainerItemProxy section */

/* Begin PBXFileReference section */
		D0D0D0D0D0D0D0D0D0D00001 /* TickerBarWidget.swift */ = {isa = PBXFileReference; lastKnownFileType = sourcecode.swift; path = TickerBarWidget.swift; sourceTree = "<group>"; };
		D0D0D0D0D0D0D0D0D0D00002 /* Info.plist */ = {isa = PBXFileReference; lastKnownFileType = text.plist; path = Info.plist; sourceTree = "<group>"; };
		D0D0D0D0D0D0D0D0D0D00003 /* TickerBarWidget.entitlements */ = {isa = PBXFileReference; lastKnownFileType = text.plist.entitlements; path = TickerBarWidget.entitlements; sourceTree = "<group>"; };
		D0D0D0D0D0D0D0D0D0D00004 /* TickerBarWidgetExtension.appex */ = {isa = PBXFileReference; explicitFileType = "wrapper.app-extension"; includeInIndex = 0; path = TickerBarWidgetExtension.appex; sourceTree = BUILT_PRODUCTS_DIR; };
		03D166ED1C6589834CEC90ED /* TickerBar.app */ = {isa = PBXFileReference; explicitFileType = wrapper.application; includeInIndex = 0; path = TickerBar.app; sourceTree = BUILT_PRODUCTS_DIR; };
		15068B565FB4936419815470 /* StockItem.swift */ = {isa = PBXFileReference; lastKnownFileType = sourcecode.swift; path = StockItem.swift; sourceTree = "<group>"; };
		546AF9D5C78E7119E3C4397E /* WatchlistView.swift */ = {isa = PBXFileReference; lastKnownFileType = sourcecode.swift; path = WatchlistView.swift; sourceTree = "<group>"; };
		56838F3D7FDDA632BAD5C8F5 /* StockItemTests.swift */ = {isa = PBXFileReference; lastKnownFileType = sourcecode.swift; path = StockItemTests.swift; sourceTree = "<group>"; };
		5AAA7340F995D424D5754196 /* TickerBarTests.xctest */ = {isa = PBXFileReference; explicitFileType = wrapper.cfbundle; includeInIndex = 0; path = TickerBarTests.xctest; sourceTree = BUILT_PRODUCTS_DIR; };
		6DF1F4E796FC32743DAF80A0 /* StockService.swift */ = {isa = PBXFileReference; lastKnownFileType = sourcecode.swift; path = StockService.swift; sourceTree = "<group>"; };
		E5F60718192A1B2C3D4E5F67 /* UpdateChecker.swift */ = {isa = PBXFileReference; lastKnownFileType = sourcecode.swift; path = UpdateChecker.swift; sourceTree = "<group>"; };
		ADFBB8F08EEDFB92601682F9 /* TickerBarApp.swift */ = {isa = PBXFileReference; lastKnownFileType = sourcecode.swift; path = TickerBarApp.swift; sourceTree = "<group>"; };
		B1A9E9CC5D7EB971811810C9 /* Info.plist */ = {isa = PBXFileReference; lastKnownFileType = text.plist; path = Info.plist; sourceTree = "<group>"; };
		DBDE6680A7FD9B348F4D20AA /* Assets.xcassets */ = {isa = PBXFileReference; lastKnownFileType = folder.assetcatalog; path = Assets.xcassets; sourceTree = "<group>"; };
		EC8F977CC4CABE1815EC5F0F /* StockServiceTests.swift */ = {isa = PBXFileReference; lastKnownFileType = sourcecode.swift; path = StockServiceTests.swift; sourceTree = "<group>"; };
		C1D2E3F4A5B6C7D8E9F0A1B2 /* SparklineView.swift */ = {isa = PBXFileReference; lastKnownFileType = sourcecode.swift; path = SparklineView.swift; sourceTree = "<group>"; };
		D1E2F3A4B5C6D7E8F9A0B1C3 /* PriceAlert.swift */ = {isa = PBXFileReference; lastKnownFileType = sourcecode.swift; path = PriceAlert.swift; sourceTree = "<group>"; };
		D4E5F6071819A1B2C3D4E5F6 /* MenuBarLabel.swift */ = {isa = PBXFileReference; lastKnownFileType = sourcecode.swift; path = MenuBarLabel.swift; sourceTree = "<group>"; };
		F8B1157F816CFF9BBB9B3571 /* SettingsView.swift */ = {isa = PBXFileReference; lastKnownFileType = sourcecode.swift; path = SettingsView.swift; sourceTree = "<group>"; };
/* End PBXFileReference section */

/* Begin PBXGroup section */
		D0D0D0D0D0D0D0D0D0D00020 /* TickerBarWidget */ = {
			isa = PBXGroup;
			children = (
				D0D0D0D0D0D0D0D0D0D00001 /* TickerBarWidget.swift */,
				D0D0D0D0D0D0D0D0D0D00002 /* Info.plist */,
				D0D0D0D0D0D0D0D0D0D00003 /* TickerBarWidget.entitlements */,
			);
			path = TickerBarWidget;
			sourceTree = "<group>";
		};
		0C67912423601107F4D18BA8 /* TickerBarTests */ = {
			isa = PBXGroup;
			children = (
				56838F3D7FDDA632BAD5C8F5 /* StockItemTests.swift */,
				EC8F977CC4CABE1815EC5F0F /* StockServiceTests.swift */,
			);
			path = TickerBarTests;
			sourceTree = "<group>";
		};
		4025540C0EEF2C4FE8877BD5 /* TickerBar */ = {
			isa = PBXGroup;
			children = (
				DBDE6680A7FD9B348F4D20AA /* Assets.xcassets */,
				B1A9E9CC5D7EB971811810C9 /* Info.plist */,
				ADFBB8F08EEDFB92601682F9 /* TickerBarApp.swift */,
				7F0E226159EE2124503A1D18 /* Models */,
				4C3B2A20AAEFBF8DC77B5988 /* Services */,
				5A35510875481702C568BBB2 /* Views */,
			);
			path = TickerBar;
			sourceTree = "<group>";
		};
		4C3B2A20AAEFBF8DC77B5988 /* Services */ = {
			isa = PBXGroup;
			children = (
				6DF1F4E796FC32743DAF80A0 /* StockService.swift */,
				E5F60718192A1B2C3D4E5F67 /* UpdateChecker.swift */,
			);
			path = Services;
			sourceTree = "<group>";
		};
		5A35510875481702C568BBB2 /* Views */ = {
			isa = PBXGroup;
			children = (
				D4E5F6071819A1B2C3D4E5F6 /* MenuBarLabel.swift */,
				F8B1157F816CFF9BBB9B3571 /* SettingsView.swift */,
				C1D2E3F4A5B6C7D8E9F0A1B2 /* SparklineView.swift */,
				546AF9D5C78E7119E3C4397E /* WatchlistView.swift */,
			);
			path = Views;
			sourceTree = "<group>";
		};
		7303D82EB9E66657D1B04F5A /* Products */ = {
			isa = PBXGroup;
			children = (
				03D166ED1C6589834CEC90ED /* TickerBar.app */,
				5AAA7340F995D424D5754196 /* TickerBarTests.xctest */,
				D0D0D0D0D0D0D0D0D0D00004 /* TickerBarWidgetExtension.appex */,
			);
			name = Products;
			sourceTree = "<group>";
		};
		758B7F26AE7705BA6BE582B2 = {
			isa = PBXGroup;
			children = (
				4025540C0EEF2C4FE8877BD5 /* TickerBar */,
				0C67912423601107F4D18BA8 /* TickerBarTests */,
				7303D82EB9E66657D1B04F5A /* Products */,
				D0D0D0D0D0D0D0D0D0D00020 /* TickerBarWidget */,
			);
			sourceTree = "<group>";
		};
		7F0E226159EE2124503A1D18 /* Models */ = {
			isa = PBXGroup;
			children = (
				D1E2F3A4B5C6D7E8F9A0B1C3 /* PriceAlert.swift */,
				15068B565FB4936419815470 /* StockItem.swift */,
			);
			path = Models;
			sourceTree = "<group>";
		};
/* End PBXGroup section */

/* Begin PBXNativeTarget section */
		D0D0D0D0D0D0D0D0D0D00030 /* TickerBarWidgetExtension */ = {
			isa = PBXNativeTarget;
			buildConfigurationList = D0D0D0D0D0D0D0D0D0D00042 /* Build configuration list for PBXNativeTarget "TickerBarWidgetExtension" */;
			buildPhases = (
				D0D0D0D0D0D0D0D0D0D00031 /* Sources */,
				D0D0D0D0D0D0D0D0D0D00032 /* Frameworks */,
				D0D0D0D0D0D0D0D0D0D00033 /* Resources */,
			);
			buildRules = (
			);
			dependencies = (
			);
			name = TickerBarWidgetExtension;
			packageProductDependencies = (
			);
			productName = TickerBarWidgetExtension;
			productReference = D0D0D0D0D0D0D0D0D0D00004 /* TickerBarWidgetExtension.appex */;
			productType = "com.apple.product-type.app-extension";
		};
		173B8A840F887241D737ABE4 /* TickerBarTests */ = {
			isa = PBXNativeTarget;
			buildConfigurationList = 38821C0FE5987841A601D570 /* Build configuration list for PBXNativeTarget "TickerBarTests" */;
			buildPhases = (
				4B1513BDC867D0691BE01444 /* Sources */,
			);
			buildRules = (
			);
			dependencies = (
				4DCF23CA68A66A50397F328F /* PBXTargetDependency */,
			);
			name = TickerBarTests;
			packageProductDependencies = (
			);
			productName = TickerBarTests;
			productReference = 5AAA7340F995D424D5754196 /* TickerBarTests.xctest */;
			productType = "com.apple.product-type.bundle.unit-test";
		};
		9ACD20D2C97100CD8A5C346E /* TickerBar */ = {
			isa = PBXNativeTarget;
			buildConfigurationList = 3F5E3E1533A7E20360CBEF3A /* Build configuration list for PBXNativeTarget "TickerBar" */;
			buildPhases = (
				ADAFC652BD20D931F4C9F9BC /* Sources */,
				AABBCCDD00112233EEFF0033 /* Frameworks */,
				F0A6B242394F644EB440A6A2 /* Resources */,
			);
			buildRules = (
			);
			dependencies = (
			);
			name = TickerBar;
			packageProductDependencies = (
				AABBCCDD00112233EEFF0022 /* Sparkle */,
			);
			productName = TickerBar;
			productReference = 03D166ED1C6589834CEC90ED /* TickerBar.app */;
			productType = "com.apple.product-type.application";
		};
/* End PBXNativeTarget section */

/* Begin PBXProject section */
		C0EFC2323ED7FDF3BD13ACE7 /* Project object */ = {
			isa = PBXProject;
			attributes = {
				BuildIndependentTargetsInParallel = YES;
				LastUpgradeCheck = 1600;
			};
			buildConfigurationList = 5E95C285D0EAF7D57AAA3A99 /* Build configuration list for PBXProject "TickerBar" */;
			compatibilityVersion = "Xcode 14.0";
			developmentRegion = en;
			hasScannedForEncodings = 0;
			knownRegions = (
				Base,
				en,
			);
			mainGroup = 758B7F26AE7705BA6BE582B2;
			minimizedProjectReferenceProxies = 1;
			preferredProjectObjectVersion = 77;
			projectDirPath = "";
			projectRoot = "";
			packageReferences = (
				AABBCCDD00112233EEFF0011 /* XCRemoteSwiftPackageReference "Sparkle" */,
			);
			targets = (
				9ACD20D2C97100CD8A5C346E /* TickerBar */,
				173B8A840F887241D737ABE4 /* TickerBarTests */,
				D0D0D0D0D0D0D0D0D0D00030 /* TickerBarWidgetExtension */,
			);
		};
/* End PBXProject section */

/* Begin PBXFrameworksBuildPhase section */
		D0D0D0D0D0D0D0D0D0D00032 /* Frameworks */ = {
			isa = PBXFrameworksBuildPhase;
			buildActionMask = 2147483647;
			files = (
			);
			runOnlyForDeploymentPostprocessing = 0;
		};
		AABBCCDD00112233EEFF0033 /* Frameworks */ = {
			isa = PBXFrameworksBuildPhase;
			buildActionMask = 2147483647;
			files = (
			);
			runOnlyForDeploymentPostprocessing = 0;
		};
/* End PBXFrameworksBuildPhase section */

/* Begin PBXResourcesBuildPhase section */
		D0D0D0D0D0D0D0D0D0D00033 /* Resources */ = {
			isa = PBXResourcesBuildPhase;
			buildActionMask = 2147483647;
			files = (
			);
			runOnlyForDeploymentPostprocessing = 0;
		};
		F0A6B242394F644EB440A6A2 /* Resources */ = {
			isa = PBXResourcesBuildPhase;
			buildActionMask = 2147483647;
			files = (
				E6113DA9D465315DBE28C77F /* Assets.xcassets in Resources */,
			);
			runOnlyForDeploymentPostprocessing = 0;
		};
/* End PBXResourcesBuildPhase section */

/* Begin PBXSourcesBuildPhase section */
		D0D0D0D0D0D0D0D0D0D00031 /* Sources */ = {
			isa = PBXSourcesBuildPhase;
			buildActionMask = 2147483647;
			files = (
				D0D0D0D0D0D0D0D0D0D00010 /* TickerBarWidget.swift in Sources */,
				D0D0D0D0D0D0D0D0D0D00011 /* StockItem.swift in Sources */,
				D0D0D0D0D0D0D0D0D0D00012 /* StockService.swift in Sources */,
				D0D0D0D0D0D0D0D0D0D00013 /* PriceAlert.swift in Sources */,
			);
			runOnlyForDeploymentPostprocessing = 0;
		};
		4B1513BDC867D0691BE01444 /* Sources */ = {
			isa = PBXSourcesBuildPhase;
			buildActionMask = 2147483647;
			files = (
				7690D8CE817D7BC49DDF740C /* StockItemTests.swift in Sources */,
				1206ACA3A55E1A4E1896BB35 /* StockServiceTests.swift in Sources */,
			);
			runOnlyForDeploymentPostprocessing = 0;
		};
		ADAFC652BD20D931F4C9F9BC /* Sources */ = {
			isa = PBXSourcesBuildPhase;
			buildActionMask = 2147483647;
			files = (
				E9981276E1CF2B28C8109B2F /* SettingsView.swift in Sources */,
				F856D70E249A413F0A4DE9CA /* StockItem.swift in Sources */,
				631F6E7C8AED98BF8B5E620D /* StockService.swift in Sources */,
				7404D19C7993CD33FB08B58D /* TickerBarApp.swift in Sources */,
				8A834BC05313ED7089884EAA /* WatchlistView.swift in Sources */,
				A1B2C3D4E5F60718192A3B4C /* MenuBarLabel.swift in Sources */,
				C1D2E3F4A5B6C7D8E9F0A1B3 /* SparklineView.swift in Sources */,
				D1E2F3A4B5C6D7E8F9A0B1C2 /* PriceAlert.swift in Sources */,
				B2C3D4E5F607181920A1B2C3 /* UpdateChecker.swift in Sources */,
			);
			runOnlyForDeploymentPostprocessing = 0;
		};
/* End PBXSourcesBuildPhase section */

/* Begin PBXTargetDependency section */
		4DCF23CA68A66A50397F328F /* PBXTargetDependency */ = {
			isa = PBXTargetDependency;
			target = 9ACD20D2C97100CD8A5C346E /* TickerBar */;
			targetProxy = C1596C35444C4F0E3AFA48E1 /* PBXContainerItemProxy */;
		};
/* End PBXTargetDependency section */

/* Begin XCBuildConfiguration section */
		D0D0D0D0D0D0D0D0D0D00040 /* Debug */ = {
			isa = XCBuildConfiguration;
			buildSettings = {
				CODE_SIGN_ENTITLEMENTS = TickerBarWidget/TickerBarWidget.entitlements;
				CODE_SIGN_STYLE = Automatic;
				CURRENT_PROJECT_VERSION = 1;
				GENERATE_INFOPLIST_FILE = NO;
				INFOPLIST_FILE = TickerBarWidget/Info.plist;
				LD_RUNPATH_SEARCH_PATHS = (
					"$(inherited)",
					"@executable_path/../../../../Frameworks",
				);
				MACOSX_DEPLOYMENT_TARGET = 14.0;
				MARKETING_VERSION = 1.0;
				PRODUCT_BUNDLE_IDENTIFIER = com.tickerbar.app.TickerBarWidget;
				PRODUCT_NAME = "$(TARGET_NAME)";
				SDKROOT = macosx;
				SKIP_INSTALL = YES;
				SWIFT_VERSION = 6.0;
				SWIFT_OPTIMIZATION_LEVEL = "-Onone";
				SWIFT_ACTIVE_COMPILATION_CONDITIONS = DEBUG;
			};
			name = Debug;
		};
		D0D0D0D0D0D0D0D0D0D00041 /* Release */ = {
			isa = XCBuildConfiguration;
			buildSettings = {
				CODE_SIGN_ENTITLEMENTS = TickerBarWidget/TickerBarWidget.entitlements;
				CODE_SIGN_STYLE = Automatic;
				CURRENT_PROJECT_VERSION = 1;
				GENERATE_INFOPLIST_FILE = NO;
				INFOPLIST_FILE = TickerBarWidget/Info.plist;
				LD_RUNPATH_SEARCH_PATHS = (
					"$(inherited)",
					"@executable_path/../../../../Frameworks",
				);
				MACOSX_DEPLOYMENT_TARGET = 14.0;
				MARKETING_VERSION = 1.0;
				PRODUCT_BUNDLE_IDENTIFIER = com.tickerbar.app.TickerBarWidget;
				PRODUCT_NAME = "$(TARGET_NAME)";
				SDKROOT = macosx;
				SKIP_INSTALL = YES;
				SWIFT_VERSION = 6.0;
				SWIFT_OPTIMIZATION_LEVEL = "-O";
				SWIFT_COMPILATION_MODE = wholemodule;
			};
			name = Release;
		};
		582F8AD6218661CF3F67E152 /* Debug */ = {
			isa = XCBuildConfiguration;
			buildSettings = {
				ALWAYS_SEARCH_USER_PATHS = NO;
				CLANG_ANALYZER_NONNULL = YES;
				CLANG_ANALYZER_NUMBER_OBJECT_CONVERSION = YES_AGGRESSIVE;
				CLANG_CXX_LANGUAGE_STANDARD = "gnu++14";
				CLANG_CXX_LIBRARY = "libc++";
				CLANG_ENABLE_MODULES = YES;
				CLANG_ENABLE_OBJC_ARC = YES;
				CLANG_ENABLE_OBJC_WEAK = YES;
				CLANG_WARN_BLOCK_CAPTURE_AUTORELEASING = YES;
				CLANG_WARN_BOOL_CONVERSION = YES;
				CLANG_WARN_COMMA = YES;
				CLANG_WARN_CONSTANT_CONVERSION = YES;
				CLANG_WARN_DEPRECATED_OBJC_IMPLEMENTATIONS = YES;
				CLANG_WARN_DIRECT_OBJC_ISA_USAGE = YES_ERROR;
				CLANG_WARN_DOCUMENTATION_COMMENTS = YES;
				CLANG_WARN_EMPTY_BODY = YES;
				CLANG_WARN_ENUM_CONVERSION = YES;
				CLANG_WARN_INFINITE_RECURSION = YES;
				CLANG_WARN_INT_CONVERSION = YES;
				CLANG_WARN_NON_LITERAL_NULL_CONVERSION = YES;
				CLANG_WARN_OBJC_IMPLICIT_RETAIN_SELF = YES;
				CLANG_WARN_OBJC_LITERAL_CONVERSION = YES;
				CLANG_WARN_OBJC_ROOT_CLASS = YES_ERROR;
				CLANG_WARN_QUOTED_INCLUDE_IN_FRAMEWORK_HEADER = YES;
				CLANG_WARN_RANGE_LOOP_ANALYSIS = YES;
				CLANG_WARN_STRICT_PROTOTYPES = YES;
				CLANG_WARN_SUSPICIOUS_MOVE = YES;
				CLANG_WARN_UNGUARDED_AVAILABILITY = YES_AGGRESSIVE;
				CLANG_WARN_UNREACHABLE_CODE = YES;
				CLANG_WARN__DUPLICATE_METHOD_MATCH = YES;
				COPY_PHASE_STRIP = NO;
				DEBUG_INFORMATION_FORMAT = dwarf;
				ENABLE_STRICT_OBJC_MSGSEND = YES;
				ENABLE_TESTABILITY = YES;
				GCC_C_LANGUAGE_STANDARD = gnu11;
				GCC_DYNAMIC_NO_PIC = NO;
				GCC_NO_COMMON_BLOCKS = YES;
				GCC_OPTIMIZATION_LEVEL = 0;
				GCC_PREPROCESSOR_DEFINITIONS = (
					"$(inherited)",
					"DEBUG=1",
				);
				GCC_WARN_64_TO_32_BIT_CONVERSION = YES;
				GCC_WARN_ABOUT_RETURN_TYPE = YES_ERROR;
				GCC_WARN_UNDECLARED_SELECTOR = YES;
				GCC_WARN_UNINITIALIZED_AUTOS = YES_AGGRESSIVE;
				GCC_WARN_UNUSED_FUNCTION = YES;
				GCC_WARN_UNUSED_VARIABLE = YES;
				MACOSX_DEPLOYMENT_TARGET = 14.0;
				MTL_ENABLE_DEBUG_INFO = INCLUDE_SOURCE;
				MTL_FAST_MATH = YES;
				ONLY_ACTIVE_ARCH = YES;
				PRODUCT_NAME = "$(TARGET_NAME)";
				SDKROOT = macosx;
				SWIFT_ACTIVE_COMPILATION_CONDITIONS = DEBUG;
				SWIFT_OPTIMIZATION_LEVEL = "-Onone";
				SWIFT_VERSION = 6.0;
			};
			name = Debug;
		};
		8F994B0C9C82CF7769F7F75B /* Release */ = {
			isa = XCBuildConfiguration;
			buildSettings = {
				BUNDLE_LOADER = "$(TEST_HOST)";
				COMBINE_HIDPI_IMAGES = YES;
				GENERATE_INFOPLIST_FILE = YES;
				LD_RUNPATH_SEARCH_PATHS = (
					"$(inherited)",
					"@executable_path/../Frameworks",
					"@loader_path/../Frameworks",
				);
				PRODUCT_BUNDLE_IDENTIFIER = com.tickerbar.tests;
				SDKROOT = macosx;
				TEST_HOST = "$(BUILT_PRODUCTS_DIR)/TickerBar.app/Contents/MacOS/TickerBar";
			};
			name = Release;
		};
		AEC0EA4CC826649BEE471080 /* Debug */ = {
			isa = XCBuildConfiguration;
			buildSettings = {
				ASSETCATALOG_COMPILER_APPICON_NAME = AppIcon;
				COMBINE_HIDPI_IMAGES = YES;
				ENABLE_HARDENED_RUNTIME = YES;
				INFOPLIST_FILE = TickerBar/Info.plist;
				LD_RUNPATH_SEARCH_PATHS = (
					"$(inherited)",
					"@executable_path/../Frameworks",
				);
				PRODUCT_BUNDLE_IDENTIFIER = com.tickerbar.app;
				PRODUCT_NAME = TickerBar;
				SDKROOT = macosx;
			};
			name = Debug;
		};
		AF46C2E4F2E7A796EE0BF753 /* Release */ = {
			isa = XCBuildConfiguration;
			buildSettings = {
				ASSETCATALOG_COMPILER_APPICON_NAME = AppIcon;
				COMBINE_HIDPI_IMAGES = YES;
				ENABLE_HARDENED_RUNTIME = YES;
				INFOPLIST_FILE = TickerBar/Info.plist;
				LD_RUNPATH_SEARCH_PATHS = (
					"$(inherited)",
					"@executable_path/../Frameworks",
				);
				PRODUCT_BUNDLE_IDENTIFIER = com.tickerbar.app;
				PRODUCT_NAME = TickerBar;
				SDKROOT = macosx;
			};
			name = Release;
		};
		E27407AFFDABB7934DB733DB /* Debug */ = {
			isa = XCBuildConfiguration;
			buildSettings = {
				BUNDLE_LOADER = "$(TEST_HOST)";
				COMBINE_HIDPI_IMAGES = YES;
				GENERATE_INFOPLIST_FILE = YES;
				LD_RUNPATH_SEARCH_PATHS = (
					"$(inherited)",
					"@executable_path/../Frameworks",
					"@loader_path/../Frameworks",
				);
				PRODUCT_BUNDLE_IDENTIFIER = com.tickerbar.tests;
				SDKROOT = macosx;
				TEST_HOST = "$(BUILT_PRODUCTS_DIR)/TickerBar.app/Contents/MacOS/TickerBar";
			};
			name = Debug;
		};
		E7D3473C419A3F5B7C2B18B3 /* Release */ = {
			isa = XCBuildConfiguration;
			buildSettings = {
				ALWAYS_SEARCH_USER_PATHS = NO;
				CLANG_ANALYZER_NONNULL = YES;
				CLANG_ANALYZER_NUMBER_OBJECT_CONVERSION = YES_AGGRESSIVE;
				CLANG_CXX_LANGUAGE_STANDARD = "gnu++14";
				CLANG_CXX_LIBRARY = "libc++";
				CLANG_ENABLE_MODULES = YES;
				CLANG_ENABLE_OBJC_ARC = YES;
				CLANG_ENABLE_OBJC_WEAK = YES;
				CLANG_WARN_BLOCK_CAPTURE_AUTORELEASING = YES;
				CLANG_WARN_BOOL_CONVERSION = YES;
				CLANG_WARN_COMMA = YES;
				CLANG_WARN_CONSTANT_CONVERSION = YES;
				CLANG_WARN_DEPRECATED_OBJC_IMPLEMENTATIONS = YES;
				CLANG_WARN_DIRECT_OBJC_ISA_USAGE = YES_ERROR;
				CLANG_WARN_DOCUMENTATION_COMMENTS = YES;
				CLANG_WARN_EMPTY_BODY = YES;
				CLANG_WARN_ENUM_CONVERSION = YES;
				CLANG_WARN_INFINITE_RECURSION = YES;
				CLANG_WARN_INT_CONVERSION = YES;
				CLANG_WARN_NON_LITERAL_NULL_CONVERSION = YES;
				CLANG_WARN_OBJC_IMPLICIT_RETAIN_SELF = YES;
				CLANG_WARN_OBJC_LITERAL_CONVERSION = YES;
				CLANG_WARN_OBJC_ROOT_CLASS = YES_ERROR;
				CLANG_WARN_QUOTED_INCLUDE_IN_FRAMEWORK_HEADER = YES;
				CLANG_WARN_RANGE_LOOP_ANALYSIS = YES;
				CLANG_WARN_STRICT_PROTOTYPES = YES;
				CLANG_WARN_SUSPICIOUS_MOVE = YES;
				CLANG_WARN_UNGUARDED_AVAILABILITY = YES_AGGRESSIVE;
				CLANG_WARN_UNREACHABLE_CODE = YES;
				CLANG_WARN__DUPLICATE_METHOD_MATCH = YES;
				COPY_PHASE_STRIP = NO;
				DEBUG_INFORMATION_FORMAT = "dwarf-with-dsym";
				ENABLE_NS_ASSERTIONS = NO;
				ENABLE_STRICT_OBJC_MSGSEND = YES;
				GCC_C_LANGUAGE_STANDARD = gnu11;
				GCC_NO_COMMON_BLOCKS = YES;
				GCC_WARN_64_TO_32_BIT_CONVERSION = YES;
				GCC_WARN_ABOUT_RETURN_TYPE = YES_ERROR;
				GCC_WARN_UNDECLARED_SELECTOR = YES;
				GCC_WARN_UNINITIALIZED_AUTOS = YES_AGGRESSIVE;
				GCC_WARN_UNUSED_FUNCTION = YES;
				GCC_WARN_UNUSED_VARIABLE = YES;
				MACOSX_DEPLOYMENT_TARGET = 14.0;
				MTL_ENABLE_DEBUG_INFO = NO;
				MTL_FAST_MATH = YES;
				PRODUCT_NAME = "$(TARGET_NAME)";
				SDKROOT = macosx;
				SWIFT_COMPILATION_MODE = wholemodule;
				SWIFT_OPTIMIZATION_LEVEL = "-O";
				SWIFT_VERSION = 6.0;
			};
			name = Release;
		};
/* End XCBuildConfiguration section */

/* Begin XCConfigurationList section */
		D0D0D0D0D0D0D0D0D0D00042 /* Build configuration list for PBXNativeTarget "TickerBarWidgetExtension" */ = {
			isa = XCConfigurationList;
			buildConfigurations = (
				D0D0D0D0D0D0D0D0D0D00040 /* Debug */,
				D0D0D0D0D0D0D0D0D0D00041 /* Release */,
			);
			defaultConfigurationIsVisible = 0;
			defaultConfigurationName = Debug;
		};
		38821C0FE5987841A601D570 /* Build configuration list for PBXNativeTarget "TickerBarTests" */ = {
			isa = XCConfigurationList;
			buildConfigurations = (
				E27407AFFDABB7934DB733DB /* Debug */,
				8F994B0C9C82CF7769F7F75B /* Release */,
			);
			defaultConfigurationIsVisible = 0;
			defaultConfigurationName = Debug;
		};
		3F5E3E1533A7E20360CBEF3A /* Build configuration list for PBXNativeTarget "TickerBar" */ = {
			isa = XCConfigurationList;
			buildConfigurations = (
				AEC0EA4CC826649BEE471080 /* Debug */,
				AF46C2E4F2E7A796EE0BF753 /* Release */,
			);
			defaultConfigurationIsVisible = 0;
			defaultConfigurationName = Debug;
		};
		5E95C285D0EAF7D57AAA3A99 /* Build configuration list for PBXProject "TickerBar" */ = {
			isa = XCConfigurationList;
			buildConfigurations = (
				582F8AD6218661CF3F67E152 /* Debug */,
				E7D3473C419A3F5B7C2B18B3 /* Release */,
			);
			defaultConfigurationIsVisible = 0;
			defaultConfigurationName = Debug;
		};
/* End XCConfigurationList section */

/* Begin XCRemoteSwiftPackageReference section */
		AABBCCDD00112233EEFF0011 /* XCRemoteSwiftPackageReference "Sparkle" */ = {
			isa = XCRemoteSwiftPackageReference;
			repositoryURL = "https://github.com/sparkle-project/Sparkle";
			requirement = {
				kind = upToNextMajorVersion;
				minimumVersion = 2.5.0;
			};
		};
/* End XCRemoteSwiftPackageReference section */

/* Begin XCSwiftPackageProductDependency section */
		AABBCCDD00112233EEFF0022 /* Sparkle */ = {
			isa = XCSwiftPackageProductDependency;
			package = AABBCCDD00112233EEFF0011 /* XCRemoteSwiftPackageReference "Sparkle" */;
			productName = Sparkle;
		};
/* End XCSwiftPackageProductDependency section */
	};
	rootObject = C0EFC2323ED7FDF3BD13ACE7 /* Project object */;
}
